
Microsoft Visual Studio Solution File, Format Version 12.00
# Visual Studio Version 16
VisualStudioVersion = 16.0.31729.503
MinimumVisualStudioVersion = 10.0.40219.1
Project("{FAE04EC0-301F-11D3-BF4B-00C04F79EFBC}") = "SecurePass", "SecurePass.csproj", "{4EAA38F9-7A2C-4DB1-A4CA-8C3C124D4CD4}"
EndProject
Global
	GlobalSection(SolutionConfigurationPlatforms) = preSolution
		Debug|Any CPU = Debug|Any CPU
		Release|Any CPU = Release|Any CPU
	EndGlobalSection
	GlobalSection(ProjectConfigurationPlatforms) = postSolution
		{4EAA38F9-7A2C-4DB1-A4CA-8C3C124D4CD4}.Debug|Any CPU.ActiveCfg = Debug|Any CPU
		{4EAA38F9-7A2C-4DB1-A4CA-8C3C124D4CD4}.Debug|Any CPU.Build.0 = Debug|Any CPU
		{4EAA38F9-7A2C-4DB1-A4CA-8C3C124D4CD4}.Release|Any CPU.ActiveCfg = Release|Any CPU
		{4EAA38F9-7A2C-4DB1-A4CA-8C3C124D4CD4}.Release|Any CPU.Build.0 = Release|Any CPU
	EndGlobalSection
	GlobalSection(SolutionProperties) = preSolution
		HideSolutionNode = FALSE
	EndGlobalSection
	GlobalSection(ExtensibilityGlobals) = postSolution
		SolutionGuid = {818E0D9F-16E7-4625-AAF9-8C23C6AEB210}
	EndGlobalSection
EndGlobal
